// !$*UTF8*$!
{
	archiveVersion = 1;
	classes = {
	};
	objectVersion = 56;
	objects = {

/* Begin PBXBuildFile section */
		452B6EAE2C818EDA001C3023 /* FirebaseFirestore in Frameworks */ = {isa = PBXBuildFile; productRef = 452B6EAD2C818EDA001C3023 /* FirebaseFirestore */; };
		452B6EB02C818EDA001C3023 /* FirebaseStorage in Frameworks */ = {isa = PBXBuildFile; productRef = 452B6EAF2C818EDA001C3023 /* FirebaseStorage */; };
		452B6EB22C81AC80001C3023 /* User.swift in Sources */ = {isa = PBXBuildFile; fileRef = 452B6EB12C81AC80001C3023 /* User.swift */; };
		452B6EB42C81BCC0001C3023 /* LoadingView.swift in Sources */ = {isa = PBXBuildFile; fileRef = 452B6EB32C81BCC0001C3023 /* LoadingView.swift */; };
		452B6EB82C83E22E001C3023 /* RegisterView.swift in Sources */ = {isa = PBXBuildFile; fileRef = 452B6EB72C83E22E001C3023 /* RegisterView.swift */; };
		452B6EBB2C83E34E001C3023 /* View+Extensions.swift in Sources */ = {isa = PBXBuildFile; fileRef = 452B6EBA2C83E34E001C3023 /* View+Extensions.swift */; };
		452B6EBD2C83E3D6001C3023 /* MainView.swift in Sources */ = {isa = PBXBuildFile; fileRef = 452B6EBC2C83E3D6001C3023 /* MainView.swift */; };
		452B6EBF2C83E5E7001C3023 /* ProfileView.swift in Sources */ = {isa = PBXBuildFile; fileRef = 452B6EBE2C83E5E7001C3023 /* ProfileView.swift */; };
		4584A0C62C83F6AB00CD0086 /* ReusableProfileContent.swift in Sources */ = {isa = PBXBuildFile; fileRef = 4584A0C52C83F6AB00CD0086 /* ReusableProfileContent.swift */; };
		45CD34962C88704D005D007B /* CreateNewPost.swift in Sources */ = {isa = PBXBuildFile; fileRef = 45CD34952C88704D005D007B /* CreateNewPost.swift */; };
		45CD34982C8870A0005D007B /* Post.swift in Sources */ = {isa = PBXBuildFile; fileRef = 45CD34972C8870A0005D007B /* Post.swift */; };
		45D6C2682C83FA3A00526DBA /* SDWebImageSwiftUI in Frameworks */ = {isa = PBXBuildFile; productRef = 45D6C2672C83FA3A00526DBA /* SDWebImageSwiftUI */; };
		45D6C26B2C83FE0700526DBA /* SDWebImage in Frameworks */ = {isa = PBXBuildFile; productRef = 45D6C26A2C83FE0700526DBA /* SDWebImage */; };
		45D6C26D2C83FE0700526DBA /* SDWebImageMapKit in Frameworks */ = {isa = PBXBuildFile; productRef = 45D6C26C2C83FE0700526DBA /* SDWebImageMapKit */; };
		45DDB1232C7DE60800D9D2A0 /* SocialMediaSimApp.swift in Sources */ = {isa = PBXBuildFile; fileRef = 45DDB1222C7DE60800D9D2A0 /* SocialMediaSimApp.swift */; };
		45DDB1252C7DE60800D9D2A0 /* ContentView.swift in Sources */ = {isa = PBXBuildFile; fileRef = 45DDB1242C7DE60800D9D2A0 /* ContentView.swift */; };
		45DDB1272C7DE60A00D9D2A0 /* Assets.xcassets in Resources */ = {isa = PBXBuildFile; fileRef = 45DDB1262C7DE60A00D9D2A0 /* Assets.xcassets */; };
		45DDB12A2C7DE60A00D9D2A0 /* Preview Assets.xcassets in Resources */ = {isa = PBXBuildFile; fileRef = 45DDB1292C7DE60A00D9D2A0 /* Preview Assets.xcassets */; };
		45DDB1312C7DEE0600D9D2A0 /* GoogleService-Info.plist in Resources */ = {isa = PBXBuildFile; fileRef = 45DDB1302C7DEE0600D9D2A0 /* GoogleService-Info.plist */; };
		45DDB1342C7DF99F00D9D2A0 /* FirebaseAuth in Frameworks */ = {isa = PBXBuildFile; productRef = 45DDB1332C7DF99F00D9D2A0 /* FirebaseAuth */; };
		45DDB1382C7E110600D9D2A0 /* LoginView.swift in Sources */ = {isa = PBXBuildFile; fileRef = 45DDB1372C7E110600D9D2A0 /* LoginView.swift */; };
/* End PBXBuildFile section */

/* Begin PBXFileReference section */
		452B6EB12C81AC80001C3023 /* User.swift */ = {isa = PBXFileReference; lastKnownFileType = sourcecode.swift; path = User.swift; sourceTree = "<group>"; };
		452B6EB32C81BCC0001C3023 /* LoadingView.swift */ = {isa = PBXFileReference; lastKnownFileType = sourcecode.swift; path = LoadingView.swift; sourceTree = "<group>"; };
		452B6EB72C83E22E001C3023 /* RegisterView.swift */ = {isa = PBXFileReference; lastKnownFileType = sourcecode.swift; path = RegisterView.swift; sourceTree = "<group>"; };
		452B6EBA2C83E34E001C3023 /* View+Extensions.swift */ = {isa = PBXFileReference; lastKnownFileType = sourcecode.swift; path = "View+Extensions.swift"; sourceTree = "<group>"; };
		452B6EBC2C83E3D6001C3023 /* MainView.swift */ = {isa = PBXFileReference; lastKnownFileType = sourcecode.swift; path = MainView.swift; sourceTree = "<group>"; };
		452B6EBE2C83E5E7001C3023 /* ProfileView.swift */ = {isa = PBXFileReference; lastKnownFileType = sourcecode.swift; path = ProfileView.swift; sourceTree = "<group>"; };
		4584A0C52C83F6AB00CD0086 /* ReusableProfileContent.swift */ = {isa = PBXFileReference; lastKnownFileType = sourcecode.swift; path = ReusableProfileContent.swift; sourceTree = "<group>"; };
		45CD34952C88704D005D007B /* CreateNewPost.swift */ = {isa = PBXFileReference; lastKnownFileType = sourcecode.swift; path = CreateNewPost.swift; sourceTree = "<group>"; };
		45CD34972C8870A0005D007B /* Post.swift */ = {isa = PBXFileReference; lastKnownFileType = sourcecode.swift; path = Post.swift; sourceTree = "<group>"; };
		45DDB11F2C7DE60800D9D2A0 /* SocialMediaSim.app */ = {isa = PBXFileReference; explicitFileType = wrapper.application; includeInIndex = 0; path = SocialMediaSim.app; sourceTree = BUILT_PRODUCTS_DIR; };
		45DDB1222C7DE60800D9D2A0 /* SocialMediaSimApp.swift */ = {isa = PBXFileReference; lastKnownFileType = sourcecode.swift; path = SocialMediaSimApp.swift; sourceTree = "<group>"; };
		45DDB1242C7DE60800D9D2A0 /* ContentView.swift */ = {isa = PBXFileReference; lastKnownFileType = sourcecode.swift; path = ContentView.swift; sourceTree = "<group>"; };
		45DDB1262C7DE60A00D9D2A0 /* Assets.xcassets */ = {isa = PBXFileReference; lastKnownFileType = folder.assetcatalog; path = Assets.xcassets; sourceTree = "<group>"; };
		45DDB1292C7DE60A00D9D2A0 /* Preview Assets.xcassets */ = {isa = PBXFileReference; lastKnownFileType = folder.assetcatalog; path = "Preview Assets.xcassets"; sourceTree = "<group>"; };
		45DDB1302C7DEE0600D9D2A0 /* GoogleService-Info.plist */ = {isa = PBXFileReference; fileEncoding = 4; lastKnownFileType = text.plist.xml; path = "GoogleService-Info.plist"; sourceTree = "<group>"; };
		45DDB1372C7E110600D9D2A0 /* LoginView.swift */ = {isa = PBXFileReference; lastKnownFileType = sourcecode.swift; path = LoginView.swift; sourceTree = "<group>"; };
/* End PBXFileReference section */

/* Begin PBXFrameworksBuildPhase section */
		45DDB11C2C7DE60700D9D2A0 /* Frameworks */ = {
			isa = PBXFrameworksBuildPhase;
			buildActionMask = 2147483647;
			files = (
				45D6C2682C83FA3A00526DBA /* SDWebImageSwiftUI in Frameworks */,
				45DDB1342C7DF99F00D9D2A0 /* FirebaseAuth in Frameworks */,
				452B6EAE2C818EDA001C3023 /* FirebaseFirestore in Frameworks */,
				452B6EB02C818EDA001C3023 /* FirebaseStorage in Frameworks */,
				45D6C26D2C83FE0700526DBA /* SDWebImageMapKit in Frameworks */,
				45D6C26B2C83FE0700526DBA /* SDWebImage in Frameworks */,
			);
			runOnlyForDeploymentPostprocessing = 0;
		};
/* End PBXFrameworksBuildPhase section */

/* Begin PBXGroup section */
		452B6EAC2C818EDA001C3023 /* Frameworks */ = {
			isa = PBXGroup;
			children = (
			);
			name = Frameworks;
			sourceTree = "<group>";
		};
		452B6EB52C83E207001C3023 /* Auth */ = {
			isa = PBXGroup;
			children = (
				45DDB1372C7E110600D9D2A0 /* LoginView.swift */,
				452B6EB72C83E22E001C3023 /* RegisterView.swift */,
			);
			path = Auth;
			sourceTree = "<group>";
		};
		452B6EB62C83E216001C3023 /* MainView */ = {
			isa = PBXGroup;
			children = (
				452B6EBC2C83E3D6001C3023 /* MainView.swift */,
				452B6EBE2C83E5E7001C3023 /* ProfileView.swift */,
				4584A0C52C83F6AB00CD0086 /* ReusableProfileContent.swift */,
				45CD34952C88704D005D007B /* CreateNewPost.swift */,
			);
			path = MainView;
			sourceTree = "<group>";
		};
		452B6EB92C83E2F0001C3023 /* Helpers */ = {
			isa = PBXGroup;
			children = (
				452B6EBA2C83E34E001C3023 /* View+Extensions.swift */,
			);
			path = Helpers;
			sourceTree = "<group>";
		};
		45DDB1162C7DE60700D9D2A0 = {
			isa = PBXGroup;
			children = (
				45DDB1212C7DE60800D9D2A0 /* SocialMediaSim */,
				45DDB1202C7DE60800D9D2A0 /* Products */,
				452B6EAC2C818EDA001C3023 /* Frameworks */,
			);
			sourceTree = "<group>";
		};
		45DDB1202C7DE60800D9D2A0 /* Products */ = {
			isa = PBXGroup;
			children = (
				45DDB11F2C7DE60800D9D2A0 /* SocialMediaSim.app */,
			);
			name = Products;
			sourceTree = "<group>";
		};
		45DDB1212C7DE60800D9D2A0 /* SocialMediaSim */ = {
			isa = PBXGroup;
			children = (
				45DDB1362C7E10DA00D9D2A0 /* Models */,
				45DDB1352C7E10C900D9D2A0 /* Views */,
				45DDB1302C7DEE0600D9D2A0 /* GoogleService-Info.plist */,
				45DDB1222C7DE60800D9D2A0 /* SocialMediaSimApp.swift */,
				45DDB1242C7DE60800D9D2A0 /* ContentView.swift */,
				452B6EB32C81BCC0001C3023 /* LoadingView.swift */,
				45DDB1262C7DE60A00D9D2A0 /* Assets.xcassets */,
				45DDB1282C7DE60A00D9D2A0 /* Preview Content */,
			);
			path = SocialMediaSim;
			sourceTree = "<group>";
		};
		45DDB1282C7DE60A00D9D2A0 /* Preview Content */ = {
			isa = PBXGroup;
			children = (
				45DDB1292C7DE60A00D9D2A0 /* Preview Assets.xcassets */,
			);
			path = "Preview Content";
			sourceTree = "<group>";
		};
		45DDB1352C7E10C900D9D2A0 /* Views */ = {
			isa = PBXGroup;
			children = (
				452B6EB92C83E2F0001C3023 /* Helpers */,
				452B6EB62C83E216001C3023 /* MainView */,
				452B6EB52C83E207001C3023 /* Auth */,
			);
			path = Views;
			sourceTree = "<group>";
		};
		45DDB1362C7E10DA00D9D2A0 /* Models */ = {
			isa = PBXGroup;
			children = (
				452B6EB12C81AC80001C3023 /* User.swift */,
				45CD34972C8870A0005D007B /* Post.swift */,
			);
			path = Models;
			sourceTree = "<group>";
		};
/* End PBXGroup section */

/* Begin PBXNativeTarget section */
		45DDB11E2C7DE60700D9D2A0 /* SocialMediaSim */ = {
			isa = PBXNativeTarget;
			buildConfigurationList = 45DDB12D2C7DE60A00D9D2A0 /* Build configuration list for PBXNativeTarget "SocialMediaSim" */;
			buildPhases = (
				45DDB11B2C7DE60700D9D2A0 /* Sources */,
				45DDB11C2C7DE60700D9D2A0 /* Frameworks */,
				45DDB11D2C7DE60700D9D2A0 /* Resources */,
			);
			buildRules = (
			);
			dependencies = (
			);
			name = SocialMediaSim;
			packageProductDependencies = (
				45DDB1332C7DF99F00D9D2A0 /* FirebaseAuth */,
				452B6EAD2C818EDA001C3023 /* FirebaseFirestore */,
				452B6EAF2C818EDA001C3023 /* FirebaseStorage */,
				45D6C2672C83FA3A00526DBA /* SDWebImageSwiftUI */,
				45D6C26A2C83FE0700526DBA /* SDWebImage */,
				45D6C26C2C83FE0700526DBA /* SDWebImageMapKit */,
			);
			productName = SocialMediaSim;
			productReference = 45DDB11F2C7DE60800D9D2A0 /* SocialMediaSim.app */;
			productType = "com.apple.product-type.application";
		};
/* End PBXNativeTarget section */

/* Begin PBXProject section */
		45DDB1172C7DE60700D9D2A0 /* Project object */ = {
			isa = PBXProject;
			attributes = {
				BuildIndependentTargetsInParallel = 1;
				LastSwiftUpdateCheck = 1540;
				LastUpgradeCheck = 1540;
				TargetAttributes = {
					45DDB11E2C7DE60700D9D2A0 = {
						CreatedOnToolsVersion = 15.4;
					};
				};
			};
			buildConfigurationList = 45DDB11A2C7DE60700D9D2A0 /* Build configuration list for PBXProject "SocialMediaSim" */;
			compatibilityVersion = "Xcode 14.0";
			developmentRegion = en;
			hasScannedForEncodings = 0;
			knownRegions = (
				en,
				Base,
			);
			mainGroup = 45DDB1162C7DE60700D9D2A0;
			packageReferences = (
				45DDB1322C7DF99E00D9D2A0 /* XCRemoteSwiftPackageReference "firebase-ios-sdk" */,
				4584A0C72C83F8CF00CD0086 /* XCRemoteSwiftPackageReference "SDWebImageSwiftUI" */,
				45D6C2692C83FE0700526DBA /* XCRemoteSwiftPackageReference "SDWebImage" */,
			);
			productRefGroup = 45DDB1202C7DE60800D9D2A0 /* Products */;
			projectDirPath = "";
			projectRoot = "";
			targets = (
				45DDB11E2C7DE60700D9D2A0 /* SocialMediaSim */,
			);
		};
/* End PBXProject section */

/* Begin PBXResourcesBuildPhase section */
		45DDB11D2C7DE60700D9D2A0 /* Resources */ = {
			isa = PBXResourcesBuildPhase;
			buildActionMask = 2147483647;
			files = (
				45DDB12A2C7DE60A00D9D2A0 /* Preview Assets.xcassets in Resources */,
				45DDB1272C7DE60A00D9D2A0 /* Assets.xcassets in Resources */,
				45DDB1312C7DEE0600D9D2A0 /* GoogleService-Info.plist in Resources */,
			);
			runOnlyForDeploymentPostprocessing = 0;
		};
/* End PBXResourcesBuildPhase section */

/* Begin PBXSourcesBuildPhase section */
		45DDB11B2C7DE60700D9D2A0 /* Sources */ = {
			isa = PBXSourcesBuildPhase;
			buildActionMask = 2147483647;
			files = (
				452B6EB22C81AC80001C3023 /* User.swift in Sources */,
				452B6EBF2C83E5E7001C3023 /* ProfileView.swift in Sources */,
				4584A0C62C83F6AB00CD0086 /* ReusableProfileContent.swift in Sources */,
				45CD34982C8870A0005D007B /* Post.swift in Sources */,
				452B6EBD2C83E3D6001C3023 /* MainView.swift in Sources */,
				45DDB1382C7E110600D9D2A0 /* LoginView.swift in Sources */,
				45DDB1252C7DE60800D9D2A0 /* ContentView.swift in Sources */,
				452B6EBB2C83E34E001C3023 /* View+Extensions.swift in Sources */,
				45CD34962C88704D005D007B /* CreateNewPost.swift in Sources */,
				452B6EB82C83E22E001C3023 /* RegisterView.swift in Sources */,
				452B6EB42C81BCC0001C3023 /* LoadingView.swift in Sources */,
				45DDB1232C7DE60800D9D2A0 /* SocialMediaSimApp.swift in Sources */,
			);
			runOnlyForDeploymentPostprocessing = 0;
		};
/* End PBXSourcesBuildPhase section */

/* Begin XCBuildConfiguration section */
		45DDB12B2C7DE60A00D9D2A0 /* Debug */ = {
			isa = XCBuildConfiguration;
			buildSettings = {
				ALWAYS_SEARCH_USER_PATHS = NO;
				ASSETCATALOG_COMPILER_GENERATE_SWIFT_ASSET_SYMBOL_EXTENSIONS = YES;
				CLANG_ANALYZER_NONNULL = YES;
				CLANG_ANALYZER_NUMBER_OBJECT_CONVERSION = YES_AGGRESSIVE;
				CLANG_CXX_LANGUAGE_STANDARD = "gnu++20";
				CLANG_ENABLE_MODULES = YES;
				CLANG_ENABLE_OBJC_ARC = YES;
				CLANG_ENABLE_OBJC_WEAK = YES;
				CLANG_WARN_BLOCK_CAPTURE_AUTORELEASING = YES;
				CLANG_WARN_BOOL_CONVERSION = YES;
				CLANG_WARN_COMMA = YES;
				CLANG_WARN_CONSTANT_CONVERSION = YES;
				CLANG_WARN_DEPRECATED_OBJC_IMPLEMENTATIONS = YES;
				CLANG_WARN_DIRECT_OBJC_ISA_USAGE = YES_ERROR;
				CLANG_WARN_DOCUMENTATION_COMMENTS = YES;
				CLANG_WARN_EMPTY_BODY = YES;
				CLANG_WARN_ENUM_CONVERSION = YES;
				CLANG_WARN_INFINITE_RECURSION = YES;
				CLANG_WARN_INT_CONVERSION = YES;
				CLANG_WARN_NON_LITERAL_NULL_CONVERSION = YES;
				CLANG_WARN_OBJC_IMPLICIT_RETAIN_SELF = YES;
				CLANG_WARN_OBJC_LITERAL_CONVERSION = YES;
				CLANG_WARN_OBJC_ROOT_CLASS = YES_ERROR;
				CLANG_WARN_QUOTED_INCLUDE_IN_FRAMEWORK_HEADER = YES;
				CLANG_WARN_RANGE_LOOP_ANALYSIS = YES;
				CLANG_WARN_STRICT_PROTOTYPES = YES;
				CLANG_WARN_SUSPICIOUS_MOVE = YES;
				CLANG_WARN_UNGUARDED_AVAILABILITY = YES_AGGRESSIVE;
				CLANG_WARN_UNREACHABLE_CODE = YES;
				CLANG_WARN__DUPLICATE_METHOD_MATCH = YES;
				COPY_PHASE_STRIP = NO;
				DEBUG_INFORMATION_FORMAT = dwarf;
				ENABLE_STRICT_OBJC_MSGSEND = YES;
				ENABLE_TESTABILITY = YES;
				ENABLE_USER_SCRIPT_SANDBOXING = YES;
				GCC_C_LANGUAGE_STANDARD = gnu17;
				GCC_DYNAMIC_NO_PIC = NO;
				GCC_NO_COMMON_BLOCKS = YES;
				GCC_OPTIMIZATION_LEVEL = 0;
				GCC_PREPROCESSOR_DEFINITIONS = (
					"DEBUG=1",
					"$(inherited)",
				);
				GCC_WARN_64_TO_32_BIT_CONVERSION = YES;
				GCC_WARN_ABOUT_RETURN_TYPE = YES_ERROR;
				GCC_WARN_UNDECLARED_SELECTOR = YES;
				GCC_WARN_UNINITIALIZED_AUTOS = YES_AGGRESSIVE;
				GCC_WARN_UNUSED_FUNCTION = YES;
				GCC_WARN_UNUSED_VARIABLE = YES;
				IPHONEOS_DEPLOYMENT_TARGET = 17.5;
				LOCALIZATION_PREFERS_STRING_CATALOGS = YES;
				MTL_ENABLE_DEBUG_INFO = INCLUDE_SOURCE;
				MTL_FAST_MATH = YES;
				ONLY_ACTIVE_ARCH = YES;
				SDKROOT = iphoneos;
				SWIFT_ACTIVE_COMPILATION_CONDITIONS = "DEBUG $(inherited)";
				SWIFT_OPTIMIZATION_LEVEL = "-Onone";
			};
			name = Debug;
		};
		45DDB12C2C7DE60A00D9D2A0 /* Release */ = {
			isa = XCBuildConfiguration;
			buildSettings = {
				ALWAYS_SEARCH_USER_PATHS = NO;
				ASSETCATALOG_COMPILER_GENERATE_SWIFT_ASSET_SYMBOL_EXTENSIONS = YES;
				CLANG_ANALYZER_NONNULL = YES;
				CLANG_ANALYZER_NUMBER_OBJECT_CONVERSION = YES_AGGRESSIVE;
				CLANG_CXX_LANGUAGE_STANDARD = "gnu++20";
				CLANG_ENABLE_MODULES = YES;
				CLANG_ENABLE_OBJC_ARC = YES;
				CLANG_ENABLE_OBJC_WEAK = YES;
				CLANG_WARN_BLOCK_CAPTURE_AUTORELEASING = YES;
				CLANG_WARN_BOOL_CONVERSION = YES;
				CLANG_WARN_COMMA = YES;
				CLANG_WARN_CONSTANT_CONVERSION = YES;
				CLANG_WARN_DEPRECATED_OBJC_IMPLEMENTATIONS = YES;
				CLANG_WARN_DIRECT_OBJC_ISA_USAGE = YES_ERROR;
				CLANG_WARN_DOCUMENTATION_COMMENTS = YES;
				CLANG_WARN_EMPTY_BODY = YES;
				CLANG_WARN_ENUM_CONVERSION = YES;
				CLANG_WARN_INFINITE_RECURSION = YES;
				CLANG_WARN_INT_CONVERSION = YES;
				CLANG_WARN_NON_LITERAL_NULL_CONVERSION = YES;
				CLANG_WARN_OBJC_IMPLICIT_RETAIN_SELF = YES;
				CLANG_WARN_OBJC_LITERAL_CONVERSION = YES;
				CLANG_WARN_OBJC_ROOT_CLASS = YES_ERROR;
				CLANG_WARN_QUOTED_INCLUDE_IN_FRAMEWORK_HEADER = YES;
				CLANG_WARN_RANGE_LOOP_ANALYSIS = YES;
				CLANG_WARN_STRICT_PROTOTYPES = YES;
				CLANG_WARN_SUSPICIOUS_MOVE = YES;
				CLANG_WARN_UNGUARDED_AVAILABILITY = YES_AGGRESSIVE;
				CLANG_WARN_UNREACHABLE_CODE = YES;
				CLANG_WARN__DUPLICATE_METHOD_MATCH = YES;
				COPY_PHASE_STRIP = NO;
				DEBUG_INFORMATION_FORMAT = "dwarf-with-dsym";
				ENABLE_NS_ASSERTIONS = NO;
				ENABLE_STRICT_OBJC_MSGSEND = YES;
				ENABLE_USER_SCRIPT_SANDBOXING = YES;
				GCC_C_LANGUAGE_STANDARD = gnu17;
				GCC_NO_COMMON_BLOCKS = YES;
				GCC_WARN_64_TO_32_BIT_CONVERSION = YES;
				GCC_WARN_ABOUT_RETURN_TYPE = YES_ERROR;
				GCC_WARN_UNDECLARED_SELECTOR = YES;
				GCC_WARN_UNINITIALIZED_AUTOS = YES_AGGRESSIVE;
				GCC_WARN_UNUSED_FUNCTION = YES;
				GCC_WARN_UNUSED_VARIABLE = YES;
				IPHONEOS_DEPLOYMENT_TARGET = 17.5;
				LOCALIZATION_PREFERS_STRING_CATALOGS = YES;
				MTL_ENABLE_DEBUG_INFO = NO;
				MTL_FAST_MATH = YES;
				SDKROOT = iphoneos;
				SWIFT_COMPILATION_MODE = wholemodule;
				VALIDATE_PRODUCT = YES;
			};
			name = Release;
		};
		45DDB12E2C7DE60A00D9D2A0 /* Debug */ = {
			isa = XCBuildConfiguration;
			buildSettings = {
				ASSETCATALOG_COMPILER_APPICON_NAME = AppIcon;
				ASSETCATALOG_COMPILER_GLOBAL_ACCENT_COLOR_NAME = AccentColor;
				CODE_SIGN_STYLE = Automatic;
				CURRENT_PROJECT_VERSION = 1;
				DEVELOPMENT_ASSET_PATHS = "\"SocialMediaSim/Preview Content\"";
				DEVELOPMENT_TEAM = ZG65SS3WVL;
				ENABLE_PREVIEWS = YES;
				GENERATE_INFOPLIST_FILE = YES;
				INFOPLIST_KEY_UIApplicationSceneManifest_Generation = YES;
				INFOPLIST_KEY_UIApplicationSupportsIndirectInputEvents = YES;
				INFOPLIST_KEY_UILaunchScreen_Generation = YES;
				INFOPLIST_KEY_UISupportedInterfaceOrientations_iPad = "UIInterfaceOrientationPortrait UIInterfaceOrientationPortraitUpsideDown UIInterfaceOrientationLandscapeLeft UIInterfaceOrientationLandscapeRight";
				INFOPLIST_KEY_UISupportedInterfaceOrientations_iPhone = "UIInterfaceOrientationPortrait UIInterfaceOrientationLandscapeLeft UIInterfaceOrientationLandscapeRight";
				LD_RUNPATH_SEARCH_PATHS = (
					"$(inherited)",
					"@executable_path/Frameworks",
				);
				MARKETING_VERSION = 1.0;
				PRODUCT_BUNDLE_IDENTIFIER = com.awesomenessstudios.SocialMediaSim;
				PRODUCT_NAME = "$(TARGET_NAME)";
				SWIFT_EMIT_LOC_STRINGS = YES;
				SWIFT_VERSION = 5.0;
				TARGETED_DEVICE_FAMILY = "1,2";
			};
			name = Debug;
		};
		45DDB12F2C7DE60A00D9D2A0 /* Release */ = {
			isa = XCBuildConfiguration;
			buildSettings = {
				ASSETCATALOG_COMPILER_APPICON_NAME = AppIcon;
				ASSETCATALOG_COMPILER_GLOBAL_ACCENT_COLOR_NAME = AccentColor;
				CODE_SIGN_STYLE = Automatic;
				CURRENT_PROJECT_VERSION = 1;
				DEVELOPMENT_ASSET_PATHS = "\"SocialMediaSim/Preview Content\"";
				DEVELOPMENT_TEAM = ZG65SS3WVL;
				ENABLE_PREVIEWS = YES;
				GENERATE_INFOPLIST_FILE = YES;
				INFOPLIST_KEY_UIApplicationSceneManifest_Generation = YES;
				INFOPLIST_KEY_UIApplicationSupportsIndirectInputEvents = YES;
				INFOPLIST_KEY_UILaunchScreen_Generation = YES;
				INFOPLIST_KEY_UISupportedInterfaceOrientations_iPad = "UIInterfaceOrientationPortrait UIInterfaceOrientationPortraitUpsideDown UIInterfaceOrientationLandscapeLeft UIInterfaceOrientationLandscapeRight";
				INFOPLIST_KEY_UISupportedInterfaceOrientations_iPhone = "UIInterfaceOrientationPortrait UIInterfaceOrientationLandscapeLeft UIInterfaceOrientationLandscapeRight";
				LD_RUNPATH_SEARCH_PATHS = (
					"$(inherited)",
					"@executable_path/Frameworks",
				);
				MARKETING_VERSION = 1.0;
				PRODUCT_BUNDLE_IDENTIFIER = com.awesomenessstudios.SocialMediaSim;
				PRODUCT_NAME = "$(TARGET_NAME)";
				SWIFT_EMIT_LOC_STRINGS = YES;
				SWIFT_VERSION = 5.0;
				TARGETED_DEVICE_FAMILY = "1,2";
			};
			name = Release;
		};
/* End XCBuildConfiguration section */

/* Begin XCConfigurationList section */
		45DDB11A2C7DE60700D9D2A0 /* Build configuration list for PBXProject "SocialMediaSim" */ = {
			isa = XCConfigurationList;
			buildConfigurations = (
				45DDB12B2C7DE60A00D9D2A0 /* Debug */,
				45DDB12C2C7DE60A00D9D2A0 /* Release */,
			);
			defaultConfigurationIsVisible = 0;
			defaultConfigurationName = Release;
		};
		45DDB12D2C7DE60A00D9D2A0 /* Build configuration list for PBXNativeTarget "SocialMediaSim" */ = {
			isa = XCConfigurationList;
			buildConfigurations = (
				45DDB12E2C7DE60A00D9D2A0 /* Debug */,
				45DDB12F2C7DE60A00D9D2A0 /* Release */,
			);
			defaultConfigurationIsVisible = 0;
			defaultConfigurationName = Release;
		};
/* End XCConfigurationList section */

/* Begin XCRemoteSwiftPackageReference section */
		4584A0C72C83F8CF00CD0086 /* XCRemoteSwiftPackageReference "SDWebImageSwiftUI" */ = {
			isa = XCRemoteSwiftPackageReference;
			repositoryURL = "https://github.com/SDWebImage/SDWebImageSwiftUI.git";
			requirement = {
				kind = upToNextMajorVersion;
				minimumVersion = 3.1.2;
			};
		};
		45D6C2692C83FE0700526DBA /* XCRemoteSwiftPackageReference "SDWebImage" */ = {
			isa = XCRemoteSwiftPackageReference;
			repositoryURL = "https://github.com/SDWebImage/SDWebImage.git";
			requirement = {
				kind = upToNextMajorVersion;
				minimumVersion = 5.19.7;
			};
		};
		45DDB1322C7DF99E00D9D2A0 /* XCRemoteSwiftPackageReference "firebase-ios-sdk" */ = {
			isa = XCRemoteSwiftPackageReference;
			repositoryURL = "https://github.com/firebase/firebase-ios-sdk";
			requirement = {
				kind = upToNextMajorVersion;
				minimumVersion = 11.1.0;
			};
		};
/* End XCRemoteSwiftPackageReference section */

/* Begin XCSwiftPackageProductDependency section */
		452B6EAD2C818EDA001C3023 /* FirebaseFirestore */ = {
			isa = XCSwiftPackageProductDependency;
			package = 45DDB1322C7DF99E00D9D2A0 /* XCRemoteSwiftPackageReference "firebase-ios-sdk" */;
			productName = FirebaseFirestore;
		};
		452B6EAF2C818EDA001C3023 /* FirebaseStorage */ = {
			isa = XCSwiftPackageProductDependency;
			package = 45DDB1322C7DF99E00D9D2A0 /* XCRemoteSwiftPackageReference "firebase-ios-sdk" */;
			productName = FirebaseStorage;
		};
		45D6C2672C83FA3A00526DBA /* SDWebImageSwiftUI */ = {
			isa = XCSwiftPackageProductDependency;
			package = 4584A0C72C83F8CF00CD0086 /* XCRemoteSwiftPackageReference "SDWebImageSwiftUI" */;
			productName = SDWebImageSwiftUI;
		};
		45D6C26A2C83FE0700526DBA /* SDWebImage */ = {
			isa = XCSwiftPackageProductDependency;
			package = 45D6C2692C83FE0700526DBA /* XCRemoteSwiftPackageReference "SDWebImage" */;
			productName = SDWebImage;
		};
		45D6C26C2C83FE0700526DBA /* SDWebImageMapKit */ = {
			isa = XCSwiftPackageProductDependency;
			package = 45D6C2692C83FE0700526DBA /* XCRemoteSwiftPackageReference "SDWebImage" */;
			productName = SDWebImageMapKit;
		};
		45DDB1332C7DF99F00D9D2A0 /* FirebaseAuth */ = {
			isa = XCSwiftPackageProductDependency;
			package = 45DDB1322C7DF99E00D9D2A0 /* XCRemoteSwiftPackageReference "firebase-ios-sdk" */;
			productName = FirebaseAuth;
		};
/* End XCSwiftPackageProductDependency section */
	};
	rootObject = 45DDB1172C7DE60700D9D2A0 /* Project object */;
}
